// !$*UTF8*$!
{
	archiveVersion = 1;
	classes = {
	};
	objectVersion = 56;
	objects = {

/* Begin PBXBuildFile section */
		8BD9C4EB28F18697009D6CC7 /* PlaylistConverterAppApp.swift in Sources */ = {isa = PBXBuildFile; fileRef = 8BD9C4EA28F18697009D6CC7 /* PlaylistConverterAppApp.swift */; };
		8BD9C4ED28F18697009D6CC7 /* ContentView.swift in Sources */ = {isa = PBXBuildFile; fileRef = 8BD9C4EC28F18697009D6CC7 /* ContentView.swift */; };
		8BD9C4EF28F18698009D6CC7 /* Assets.xcassets in Resources */ = {isa = PBXBuildFile; fileRef = 8BD9C4EE28F18698009D6CC7 /* Assets.xcassets */; };
		8BD9C4F328F18698009D6CC7 /* Preview Assets.xcassets in Resources */ = {isa = PBXBuildFile; fileRef = 8BD9C4F228F18698009D6CC7 /* Preview Assets.xcassets */; };
		8BD9C4FD28F18698009D6CC7 /* PlaylistConverterAppTests.swift in Sources */ = {isa = PBXBuildFile; fileRef = 8BD9C4FC28F18698009D6CC7 /* PlaylistConverterAppTests.swift */; };
		8BD9C50728F18698009D6CC7 /* PlaylistConverterAppUITests.swift in Sources */ = {isa = PBXBuildFile; fileRef = 8BD9C50628F18698009D6CC7 /* PlaylistConverterAppUITests.swift */; };
		8BD9C50928F18698009D6CC7 /* PlaylistConverterAppUITestsLaunchTests.swift in Sources */ = {isa = PBXBuildFile; fileRef = 8BD9C50828F18698009D6CC7 /* PlaylistConverterAppUITestsLaunchTests.swift */; };
		8BD9C51628F187A3009D6CC7 /* Login.swift in Sources */ = {isa = PBXBuildFile; fileRef = 8BD9C51528F187A3009D6CC7 /* Login.swift */; };
/* End PBXBuildFile section */

/* Begin PBXContainerItemProxy section */
		8BD9C4F928F18698009D6CC7 /* PBXContainerItemProxy */ = {
			isa = PBXContainerItemProxy;
			containerPortal = 8BD9C4DF28F18697009D6CC7 /* Project object */;
			proxyType = 1;
			remoteGlobalIDString = 8BD9C4E628F18697009D6CC7;
			remoteInfo = PlaylistConverterApp;
		};
		8BD9C50328F18698009D6CC7 /* PBXContainerItemProxy */ = {
			isa = PBXContainerItemProxy;
			containerPortal = 8BD9C4DF28F18697009D6CC7 /* Project object */;
			proxyType = 1;
			remoteGlobalIDString = 8BD9C4E628F18697009D6CC7;
			remoteInfo = PlaylistConverterApp;
		};
/* End PBXContainerItemProxy section */

/* Begin PBXFileReference section */
		8BD9C4E728F18697009D6CC7 /* PlaylistConverterApp.app */ = {isa = PBXFileReference; explicitFileType = wrapper.application; includeInIndex = 0; path = PlaylistConverterApp.app; sourceTree = BUILT_PRODUCTS_DIR; };
		8BD9C4EA28F18697009D6CC7 /* PlaylistConverterAppApp.swift */ = {isa = PBXFileReference; lastKnownFileType = sourcecode.swift; path = PlaylistConverterAppApp.swift; sourceTree = "<group>"; };
		8BD9C4EC28F18697009D6CC7 /* ContentView.swift */ = {isa = PBXFileReference; lastKnownFileType = sourcecode.swift; path = ContentView.swift; sourceTree = "<group>"; };
		8BD9C4EE28F18698009D6CC7 /* Assets.xcassets */ = {isa = PBXFileReference; lastKnownFileType = folder.assetcatalog; path = Assets.xcassets; sourceTree = "<group>"; };
		8BD9C4F028F18698009D6CC7 /* PlaylistConverterApp.entitlements */ = {isa = PBXFileReference; lastKnownFileType = text.plist.entitlements; path = PlaylistConverterApp.entitlements; sourceTree = "<group>"; };
		8BD9C4F228F18698009D6CC7 /* Preview Assets.xcassets */ = {isa = PBXFileReference; lastKnownFileType = folder.assetcatalog; path = "Preview Assets.xcassets"; sourceTree = "<group>"; };
		8BD9C4F828F18698009D6CC7 /* PlaylistConverterAppTests.xctest */ = {isa = PBXFileReference; explicitFileType = wrapper.cfbundle; includeInIndex = 0; path = PlaylistConverterAppTests.xctest; sourceTree = BUILT_PRODUCTS_DIR; };
		8BD9C4FC28F18698009D6CC7 /* PlaylistConverterAppTests.swift */ = {isa = PBXFileReference; lastKnownFileType = sourcecode.swift; path = PlaylistConverterAppTests.swift; sourceTree = "<group>"; };
		8BD9C50228F18698009D6CC7 /* PlaylistConverterAppUITests.xctest */ = {isa = PBXFileReference; explicitFileType = wrapper.cfbundle; includeInIndex = 0; path = PlaylistConverterAppUITests.xctest; sourceTree = BUILT_PRODUCTS_DIR; };
		8BD9C50628F18698009D6CC7 /* PlaylistConverterAppUITests.swift */ = {isa = PBXFileReference; lastKnownFileType = sourcecode.swift; path = PlaylistConverterAppUITests.swift; sourceTree = "<group>"; };
		8BD9C50828F18698009D6CC7 /* PlaylistConverterAppUITestsLaunchTests.swift */ = {isa = PBXFileReference; lastKnownFileType = sourcecode.swift; path = PlaylistConverterAppUITestsLaunchTests.swift; sourceTree = "<group>"; };
		8BD9C51528F187A3009D6CC7 /* Login.swift */ = {isa = PBXFileReference; lastKnownFileType = sourcecode.swift; path = Login.swift; sourceTree = "<group>"; };
/* End PBXFileReference section */

/* Begin PBXFrameworksBuildPhase section */
		8BD9C4E428F18697009D6CC7 /* Frameworks */ = {
			isa = PBXFrameworksBuildPhase;
			buildActionMask = 2147483647;
			files = (
			);
			runOnlyForDeploymentPostprocessing = 0;
		};
		8BD9C4F528F18698009D6CC7 /* Frameworks */ = {
			isa = PBXFrameworksBuildPhase;
			buildActionMask = 2147483647;
			files = (
			);
			runOnlyForDeploymentPostprocessing = 0;
		};
		8BD9C4FF28F18698009D6CC7 /* Frameworks */ = {
			isa = PBXFrameworksBuildPhase;
			buildActionMask = 2147483647;
			files = (
			);
			runOnlyForDeploymentPostprocessing = 0;
		};
/* End PBXFrameworksBuildPhase section */

/* Begin PBXGroup section */
		8BD9C4DE28F18697009D6CC7 = {
			isa = PBXGroup;
			children = (
				8BD9C4E928F18697009D6CC7 /* PlaylistConverterApp */,
				8BD9C4FB28F18698009D6CC7 /* PlaylistConverterAppTests */,
				8BD9C50528F18698009D6CC7 /* PlaylistConverterAppUITests */,
				8BD9C4E828F18697009D6CC7 /* Products */,
			);
			sourceTree = "<group>";
		};
		8BD9C4E828F18697009D6CC7 /* Products */ = {
			isa = PBXGroup;
			children = (
				8BD9C4E728F18697009D6CC7 /* PlaylistConverterApp.app */,
				8BD9C4F828F18698009D6CC7 /* PlaylistConverterAppTests.xctest */,
				8BD9C50228F18698009D6CC7 /* PlaylistConverterAppUITests.xctest */,
			);
			name = Products;
			sourceTree = "<group>";
		};
		8BD9C4E928F18697009D6CC7 /* PlaylistConverterApp */ = {
			isa = PBXGroup;
			children = (
				8BD9C4EA28F18697009D6CC7 /* PlaylistConverterAppApp.swift */,
				8BD9C4EC28F18697009D6CC7 /* ContentView.swift */,
				8BD9C51528F187A3009D6CC7 /* Login.swift */,
				8BD9C4EE28F18698009D6CC7 /* Assets.xcassets */,
				8BD9C4F028F18698009D6CC7 /* PlaylistConverterApp.entitlements */,
				8BD9C4F128F18698009D6CC7 /* Preview Content */,
			);
			path = PlaylistConverterApp;
			sourceTree = "<group>";
		};
		8BD9C4F128F18698009D6CC7 /* Preview Content */ = {
			isa = PBXGroup;
			children = (
				8BD9C4F228F18698009D6CC7 /* Preview Assets.xcassets */,
			);
			path = "Preview Content";
			sourceTree = "<group>";
		};
		8BD9C4FB28F18698009D6CC7 /* PlaylistConverterAppTests */ = {
			isa = PBXGroup;
			children = (
				8BD9C4FC28F18698009D6CC7 /* PlaylistConverterAppTests.swift */,
			);
			path = PlaylistConverterAppTests;
			sourceTree = "<group>";
		};
		8BD9C50528F18698009D6CC7 /* PlaylistConverterAppUITests */ = {
			isa = PBXGroup;
			children = (
				8BD9C50628F18698009D6CC7 /* PlaylistConverterAppUITests.swift */,
				8BD9C50828F18698009D6CC7 /* PlaylistConverterAppUITestsLaunchTests.swift */,
			);
			path = PlaylistConverterAppUITests;
			sourceTree = "<group>";
		};
/* End PBXGroup section */

/* Begin PBXNativeTarget section */
		8BD9C4E628F18697009D6CC7 /* PlaylistConverterApp */ = {
			isa = PBXNativeTarget;
			buildConfigurationList = 8BD9C50C28F18698009D6CC7 /* Build configuration list for PBXNativeTarget "PlaylistConverterApp" */;
			buildPhases = (
				8BD9C4E328F18697009D6CC7 /* Sources */,
				8BD9C4E428F18697009D6CC7 /* Frameworks */,
				8BD9C4E528F18697009D6CC7 /* Resources */,
			);
			buildRules = (
			);
			dependencies = (
			);
			name = PlaylistConverterApp;
			productName = PlaylistConverterApp;
			productReference = 8BD9C4E728F18697009D6CC7 /* PlaylistConverterApp.app */;
			productType = "com.apple.product-type.application";
		};
		8BD9C4F728F18698009D6CC7 /* PlaylistConverterAppTests */ = {
			isa = PBXNativeTarget;
			buildConfigurationList = 8BD9C50F28F18698009D6CC7 /* Build configuration list for PBXNativeTarget "PlaylistConverterAppTests" */;
			buildPhases = (
				8BD9C4F428F18698009D6CC7 /* Sources */,
				8BD9C4F528F18698009D6CC7 /* Frameworks */,
				8BD9C4F628F18698009D6CC7 /* Resources */,
			);
			buildRules = (
			);
			dependencies = (
				8BD9C4FA28F18698009D6CC7 /* PBXTargetDependency */,
			);
			name = PlaylistConverterAppTests;
			productName = PlaylistConverterAppTests;
			productReference = 8BD9C4F828F18698009D6CC7 /* PlaylistConverterAppTests.xctest */;
			productType = "com.apple.product-type.bundle.unit-test";
		};
		8BD9C50128F18698009D6CC7 /* PlaylistConverterAppUITests */ = {
			isa = PBXNativeTarget;
			buildConfigurationList = 8BD9C51228F18698009D6CC7 /* Build configuration list for PBXNativeTarget "PlaylistConverterAppUITests" */;
			buildPhases = (
				8BD9C4FE28F18698009D6CC7 /* Sources */,
				8BD9C4FF28F18698009D6CC7 /* Frameworks */,
				8BD9C50028F18698009D6CC7 /* Resources */,
			);
			buildRules = (
			);
			dependencies = (
				8BD9C50428F18698009D6CC7 /* PBXTargetDependency */,
			);
			name = PlaylistConverterAppUITests;
			productName = PlaylistConverterAppUITests;
			productReference = 8BD9C50228F18698009D6CC7 /* PlaylistConverterAppUITests.xctest */;
			productType = "com.apple.product-type.bundle.ui-testing";
		};
/* End PBXNativeTarget section */

/* Begin PBXProject section */
		8BD9C4DF28F18697009D6CC7 /* Project object */ = {
			isa = PBXProject;
			attributes = {
				BuildIndependentTargetsInParallel = 1;
				LastSwiftUpdateCheck = 1400;
				LastUpgradeCheck = 1400;
				TargetAttributes = {
					8BD9C4E628F18697009D6CC7 = {
						CreatedOnToolsVersion = 14.0;
					};
					8BD9C4F728F18698009D6CC7 = {
						CreatedOnToolsVersion = 14.0;
						TestTargetID = 8BD9C4E628F18697009D6CC7;
					};
					8BD9C50128F18698009D6CC7 = {
						CreatedOnToolsVersion = 14.0;
						TestTargetID = 8BD9C4E628F18697009D6CC7;
					};
				};
			};
			buildConfigurationList = 8BD9C4E228F18697009D6CC7 /* Build configuration list for PBXProject "PlaylistConverterApp" */;
			compatibilityVersion = "Xcode 14.0";
			developmentRegion = en;
			hasScannedForEncodings = 0;
			knownRegions = (
				en,
				Base,
			);
			mainGroup = 8BD9C4DE28F18697009D6CC7;
			productRefGroup = 8BD9C4E828F18697009D6CC7 /* Products */;
			projectDirPath = "";
			projectRoot = "";
			targets = (
				8BD9C4E628F18697009D6CC7 /* PlaylistConverterApp */,
				8BD9C4F728F18698009D6CC7 /* PlaylistConverterAppTests */,
				8BD9C50128F18698009D6CC7 /* PlaylistConverterAppUITests */,
			);
		};
/* End PBXProject section */

/* Begin PBXResourcesBuildPhase section */
		8BD9C4E528F18697009D6CC7 /* Resources */ = {
			isa = PBXResourcesBuildPhase;
			buildActionMask = 2147483647;
			files = (
				8BD9C4F328F18698009D6CC7 /* Preview Assets.xcassets in Resources */,
				8BD9C4EF28F18698009D6CC7 /* Assets.xcassets in Resources */,
			);
			runOnlyForDeploymentPostprocessing = 0;
		};
		8BD9C4F628F18698009D6CC7 /* Resources */ = {
			isa = PBXResourcesBuildPhase;
			buildActionMask = 2147483647;
			files = (
			);
			runOnlyForDeploymentPostprocessing = 0;
		};
		8BD9C50028F18698009D6CC7 /* Resources */ = {
			isa = PBXResourcesBuildPhase;
			buildActionMask = 2147483647;
			files = (
			);
			runOnlyForDeploymentPostprocessing = 0;
		};
/* End PBXResourcesBuildPhase section */

/* Begin PBXSourcesBuildPhase section */
		8BD9C4E328F18697009D6CC7 /* Sources */ = {
			isa = PBXSourcesBuildPhase;
			buildActionMask = 2147483647;
			files = (
				8BD9C51628F187A3009D6CC7 /* Login.swift in Sources */,
				8BD9C4ED28F18697009D6CC7 /* ContentView.swift in Sources */,
				8BD9C4EB28F18697009D6CC7 /* PlaylistConverterAppApp.swift in Sources */,
			);
			runOnlyForDeploymentPostprocessing = 0;
		};
		8BD9C4F428F18698009D6CC7 /* Sources */ = {
			isa = PBXSourcesBuildPhase;
			buildActionMask = 2147483647;
			files = (
				8BD9C4FD28F18698009D6CC7 /* PlaylistConverterAppTests.swift in Sources */,
			);
			runOnlyForDeploymentPostprocessing = 0;
		};
		8BD9C4FE28F18698009D6CC7 /* Sources */ = {
			isa = PBXSourcesBuildPhase;
			buildActionMask = 2147483647;
			files = (
				8BD9C50728F18698009D6CC7 /* PlaylistConverterAppUITests.swift in Sources */,
				8BD9C50928F18698009D6CC7 /* PlaylistConverterAppUITestsLaunchTests.swift in Sources */,
			);
			runOnlyForDeploymentPostprocessing = 0;
		};
/* End PBXSourcesBuildPhase section */

/* Begin PBXTargetDependency section */
		8BD9C4FA28F18698009D6CC7 /* PBXTargetDependency */ = {
			isa = PBXTargetDependency;
			target = 8BD9C4E628F18697009D6CC7 /* PlaylistConverterApp */;
			targetProxy = 8BD9C4F928F18698009D6CC7 /* PBXContainerItemProxy */;
		};
		8BD9C50428F18698009D6CC7 /* PBXTargetDependency */ = {
			isa = PBXTargetDependency;
			target = 8BD9C4E628F18697009D6CC7 /* PlaylistConverterApp */;
			targetProxy = 8BD9C50328F18698009D6CC7 /* PBXContainerItemProxy */;
		};
/* End PBXTargetDependency section */

/* Begin XCBuildConfiguration section */
		8BD9C50A28F18698009D6CC7 /* Debug */ = {
			isa = XCBuildConfiguration;
			buildSettings = {
				ALWAYS_SEARCH_USER_PATHS = NO;
				CLANG_ANALYZER_NONNULL = YES;
				CLANG_ANALYZER_NUMBER_OBJECT_CONVERSION = YES_AGGRESSIVE;
				CLANG_CXX_LANGUAGE_STANDARD = "gnu++20";
				CLANG_ENABLE_MODULES = YES;
				CLANG_ENABLE_OBJC_ARC = YES;
				CLANG_ENABLE_OBJC_WEAK = YES;
				CLANG_WARN_BLOCK_CAPTURE_AUTORELEASING = YES;
				CLANG_WARN_BOOL_CONVERSION = YES;
				CLANG_WARN_COMMA = YES;
				CLANG_WARN_CONSTANT_CONVERSION = YES;
				CLANG_WARN_DEPRECATED_OBJC_IMPLEMENTATIONS = YES;
				CLANG_WARN_DIRECT_OBJC_ISA_USAGE = YES_ERROR;
				CLANG_WARN_DOCUMENTATION_COMMENTS = YES;
				CLANG_WARN_EMPTY_BODY = YES;
				CLANG_WARN_ENUM_CONVERSION = YES;
				CLANG_WARN_INFINITE_RECURSION = YES;
				CLANG_WARN_INT_CONVERSION = YES;
				CLANG_WARN_NON_LITERAL_NULL_CONVERSION = YES;
				CLANG_WARN_OBJC_IMPLICIT_RETAIN_SELF = YES;
				CLANG_WARN_OBJC_LITERAL_CONVERSION = YES;
				CLANG_WARN_OBJC_ROOT_CLASS = YES_ERROR;
				CLANG_WARN_QUOTED_INCLUDE_IN_FRAMEWORK_HEADER = YES;
				CLANG_WARN_RANGE_LOOP_ANALYSIS = YES;
				CLANG_WARN_STRICT_PROTOTYPES = YES;
				CLANG_WARN_SUSPICIOUS_MOVE = YES;
				CLANG_WARN_UNGUARDED_AVAILABILITY = YES_AGGRESSIVE;
				CLANG_WARN_UNREACHABLE_CODE = YES;
				CLANG_WARN__DUPLICATE_METHOD_MATCH = YES;
				COPY_PHASE_STRIP = NO;
				DEBUG_INFORMATION_FORMAT = dwarf;
				ENABLE_STRICT_OBJC_MSGSEND = YES;
				ENABLE_TESTABILITY = YES;
				GCC_C_LANGUAGE_STANDARD = gnu11;
				GCC_DYNAMIC_NO_PIC = NO;
				GCC_NO_COMMON_BLOCKS = YES;
				GCC_OPTIMIZATION_LEVEL = 0;
				GCC_PREPROCESSOR_DEFINITIONS = (
					"DEBUG=1",
					"$(inherited)",
				);
				GCC_WARN_64_TO_32_BIT_CONVERSION = YES;
				GCC_WARN_ABOUT_RETURN_TYPE = YES_ERROR;
				GCC_WARN_UNDECLARED_SELECTOR = YES;
				GCC_WARN_UNINITIALIZED_AUTOS = YES_AGGRESSIVE;
				GCC_WARN_UNUSED_FUNCTION = YES;
				GCC_WARN_UNUSED_VARIABLE = YES;
				MTL_ENABLE_DEBUG_INFO = INCLUDE_SOURCE;
				MTL_FAST_MATH = YES;
				ONLY_ACTIVE_ARCH = YES;
				SWIFT_ACTIVE_COMPILATION_CONDITIONS = DEBUG;
				SWIFT_OPTIMIZATION_LEVEL = "-Onone";
			};
			name = Debug;
		};
		8BD9C50B28F18698009D6CC7 /* Release */ = {
			isa = XCBuildConfiguration;
			buildSettings = {
				ALWAYS_SEARCH_USER_PATHS = NO;
				CLANG_ANALYZER_NONNULL = YES;
				CLANG_ANALYZER_NUMBER_OBJECT_CONVERSION = YES_AGGRESSIVE;
				CLANG_CXX_LANGUAGE_STANDARD = "gnu++20";
				CLANG_ENABLE_MODULES = YES;
				CLANG_ENABLE_OBJC_ARC = YES;
				CLANG_ENABLE_OBJC_WEAK = YES;
				CLANG_WARN_BLOCK_CAPTURE_AUTORELEASING = YES;
				CLANG_WARN_BOOL_CONVERSION = YES;
				CLANG_WARN_COMMA = YES;
				CLANG_WARN_CONSTANT_CONVERSION = YES;
				CLANG_WARN_DEPRECATED_OBJC_IMPLEMENTATIONS = YES;
				CLANG_WARN_DIRECT_OBJC_ISA_USAGE = YES_ERROR;
				CLANG_WARN_DOCUMENTATION_COMMENTS = YES;
				CLANG_WARN_EMPTY_BODY = YES;
				CLANG_WARN_ENUM_CONVERSION = YES;
				CLANG_WARN_INFINITE_RECURSION = YES;
				CLANG_WARN_INT_CONVERSION = YES;
				CLANG_WARN_NON_LITERAL_NULL_CONVERSION = YES;
				CLANG_WARN_OBJC_IMPLICIT_RETAIN_SELF = YES;
				CLANG_WARN_OBJC_LITERAL_CONVERSION = YES;
				CLANG_WARN_OBJC_ROOT_CLASS = YES_ERROR;
				CLANG_WARN_QUOTED_INCLUDE_IN_FRAMEWORK_HEADER = YES;
				CLANG_WARN_RANGE_LOOP_ANALYSIS = YES;
				CLANG_WARN_STRICT_PROTOTYPES = YES;
				CLANG_WARN_SUSPICIOUS_MOVE = YES;
				CLANG_WARN_UNGUARDED_AVAILABILITY = YES_AGGRESSIVE;
				CLANG_WARN_UNREACHABLE_CODE = YES;
				CLANG_WARN__DUPLICATE_METHOD_MATCH = YES;
				COPY_PHASE_STRIP = NO;
				DEBUG_INFORMATION_FORMAT = "dwarf-with-dsym";
				ENABLE_NS_ASSERTIONS = NO;
				ENABLE_STRICT_OBJC_MSGSEND = YES;
				GCC_C_LANGUAGE_STANDARD = gnu11;
				GCC_NO_COMMON_BLOCKS = YES;
				GCC_WARN_64_TO_32_BIT_CONVERSION = YES;
				GCC_WARN_ABOUT_RETURN_TYPE = YES_ERROR;
				GCC_WARN_UNDECLARED_SELECTOR = YES;
				GCC_WARN_UNINITIALIZED_AUTOS = YES_AGGRESSIVE;
				GCC_WARN_UNUSED_FUNCTION = YES;
				GCC_WARN_UNUSED_VARIABLE = YES;
				MTL_ENABLE_DEBUG_INFO = NO;
				MTL_FAST_MATH = YES;
				SWIFT_COMPILATION_MODE = wholemodule;
				SWIFT_OPTIMIZATION_LEVEL = "-O";
			};
			name = Release;
		};
		8BD9C50D28F18698009D6CC7 /* Debug */ = {
			isa = XCBuildConfiguration;
			buildSettings = {
				ASSETCATALOG_COMPILER_APPICON_NAME = AppIcon;
				ASSETCATALOG_COMPILER_GLOBAL_ACCENT_COLOR_NAME = AccentColor;
				CODE_SIGN_ENTITLEMENTS = PlaylistConverterApp/PlaylistConverterApp.entitlements;
				CODE_SIGN_STYLE = Automatic;
				CURRENT_PROJECT_VERSION = 1;
				DEVELOPMENT_ASSET_PATHS = "\"PlaylistConverterApp/Preview Content\"";
				ENABLE_PREVIEWS = YES;
				GENERATE_INFOPLIST_FILE = YES;
				"INFOPLIST_KEY_UIApplicationSceneManifest_Generation[sdk=iphoneos*]" = YES;
				"INFOPLIST_KEY_UIApplicationSceneManifest_Generation[sdk=iphonesimulator*]" = YES;
				"INFOPLIST_KEY_UIApplicationSupportsIndirectInputEvents[sdk=iphoneos*]" = YES;
				"INFOPLIST_KEY_UIApplicationSupportsIndirectInputEvents[sdk=iphonesimulator*]" = YES;
				"INFOPLIST_KEY_UILaunchScreen_Generation[sdk=iphoneos*]" = YES;
				"INFOPLIST_KEY_UILaunchScreen_Generation[sdk=iphonesimulator*]" = YES;
				"INFOPLIST_KEY_UIStatusBarStyle[sdk=iphoneos*]" = UIStatusBarStyleDefault;
				"INFOPLIST_KEY_UIStatusBarStyle[sdk=iphonesimulator*]" = UIStatusBarStyleDefault;
				INFOPLIST_KEY_UISupportedInterfaceOrientations_iPad = "UIInterfaceOrientationPortrait UIInterfaceOrientationPortraitUpsideDown UIInterfaceOrientationLandscapeLeft UIInterfaceOrientationLandscapeRight";
				INFOPLIST_KEY_UISupportedInterfaceOrientations_iPhone = "UIInterfaceOrientationPortrait UIInterfaceOrientationLandscapeLeft UIInterfaceOrientationLandscapeRight";
				IPHONEOS_DEPLOYMENT_TARGET = 16.0;
				LD_RUNPATH_SEARCH_PATHS = "@executable_path/Frameworks";
				"LD_RUNPATH_SEARCH_PATHS[sdk=macosx*]" = "@executable_path/../Frameworks";
				MACOSX_DEPLOYMENT_TARGET = 12.3;
				MARKETING_VERSION = 1.0;
				PRODUCT_BUNDLE_IDENTIFIER = com.tttomasz.PlaylistConverterApp;
				PRODUCT_NAME = "$(TARGET_NAME)";
				SDKROOT = auto;
				SUPPORTED_PLATFORMS = "iphoneos iphonesimulator macosx";
				SWIFT_EMIT_LOC_STRINGS = YES;
				SWIFT_VERSION = 5.0;
				TARGETED_DEVICE_FAMILY = "1,2";
			};
			name = Debug;
		};
		8BD9C50E28F18698009D6CC7 /* Release */ = {
			isa = XCBuildConfiguration;
			buildSettings = {
				ASSETCATALOG_COMPILER_APPICON_NAME = AppIcon;
				ASSETCATALOG_COMPILER_GLOBAL_ACCENT_COLOR_NAME = AccentColor;
				CODE_SIGN_ENTITLEMENTS = PlaylistConverterApp/PlaylistConverterApp.entitlements;
				CODE_SIGN_STYLE = Automatic;
				CURRENT_PROJECT_VERSION = 1;
				DEVELOPMENT_ASSET_PATHS = "\"PlaylistConverterApp/Preview Content\"";
				ENABLE_PREVIEWS = YES;
				GENERATE_INFOPLIST_FILE = YES;
				"INFOPLIST_KEY_UIApplicationSceneManifest_Generation[sdk=iphoneos*]" = YES;
				"INFOPLIST_KEY_UIApplicationSceneManifest_Generation[sdk=iphonesimulator*]" = YES;
				"INFOPLIST_KEY_UIApplicationSupportsIndirectInputEvents[sdk=iphoneos*]" = YES;
				"INFOPLIST_KEY_UIApplicationSupportsIndirectInputEvents[sdk=iphonesimulator*]" = YES;
				"INFOPLIST_KEY_UILaunchScreen_Generation[sdk=iphoneos*]" = YES;
				"INFOPLIST_KEY_UILaunchScreen_Generation[sdk=iphonesimulator*]" = YES;
				"INFOPLIST_KEY_UIStatusBarStyle[sdk=iphoneos*]" = UIStatusBarStyleDefault;
				"INFOPLIST_KEY_UIStatusBarStyle[sdk=iphonesimulator*]" = UIStatusBarStyleDefault;
				INFOPLIST_KEY_UISupportedInterfaceOrientations_iPad = "UIInterfaceOrientationPortrait UIInterfaceOrientationPortraitUpsideDown UIInterfaceOrientationLandscapeLeft UIInterfaceOrientationLandscapeRight";
				INFOPLIST_KEY_UISupportedInterfaceOrientations_iPhone = "UIInterfaceOrientationPortrait UIInterfaceOrientationLandscapeLeft UIInterfaceOrientationLandscapeRight";
				IPHONEOS_DEPLOYMENT_TARGET = 16.0;
				LD_RUNPATH_SEARCH_PATHS = "@executable_path/Frameworks";
				"LD_RUNPATH_SEARCH_PATHS[sdk=macosx*]" = "@executable_path/../Frameworks";
				MACOSX_DEPLOYMENT_TARGET = 12.3;
				MARKETING_VERSION = 1.0;
				PRODUCT_BUNDLE_IDENTIFIER = com.tttomasz.PlaylistConverterApp;
				PRODUCT_NAME = "$(TARGET_NAME)";
				SDKROOT = auto;
				SUPPORTED_PLATFORMS = "iphoneos iphonesimulator macosx";
				SWIFT_EMIT_LOC_STRINGS = YES;
				SWIFT_VERSION = 5.0;
				TARGETED_DEVICE_FAMILY = "1,2";
			};
			name = Release;
		};
		8BD9C51028F18698009D6CC7 /* Debug */ = {
			isa = XCBuildConfiguration;
			buildSettings = {
				ALWAYS_EMBED_SWIFT_STANDARD_LIBRARIES = YES;
				BUNDLE_LOADER = "$(TEST_HOST)";
				CODE_SIGN_STYLE = Automatic;
				CURRENT_PROJECT_VERSION = 1;
				GENERATE_INFOPLIST_FILE = YES;
				IPHONEOS_DEPLOYMENT_TARGET = 16.0;
				MACOSX_DEPLOYMENT_TARGET = 12.3;
				MARKETING_VERSION = 1.0;
				PRODUCT_BUNDLE_IDENTIFIER = com.tttomasz.PlaylistConverterAppTests;
				PRODUCT_NAME = "$(TARGET_NAME)";
				SDKROOT = auto;
				SUPPORTED_PLATFORMS = "iphoneos iphonesimulator macosx";
				SWIFT_EMIT_LOC_STRINGS = NO;
				SWIFT_VERSION = 5.0;
				TARGETED_DEVICE_FAMILY = "1,2";
				TEST_HOST = "$(BUILT_PRODUCTS_DIR)/PlaylistConverterApp.app/$(BUNDLE_EXECUTABLE_FOLDER_PATH)/PlaylistConverterApp";
			};
			name = Debug;
		};
		8BD9C51128F18698009D6CC7 /* Release */ = {
			isa = XCBuildConfiguration;
			buildSettings = {
				ALWAYS_EMBED_SWIFT_STANDARD_LIBRARIES = YES;
				BUNDLE_LOADER = "$(TEST_HOST)";
				CODE_SIGN_STYLE = Automatic;
				CURRENT_PROJECT_VERSION = 1;
				GENERATE_INFOPLIST_FILE = YES;
				IPHONEOS_DEPLOYMENT_TARGET = 16.0;
				MACOSX_DEPLOYMENT_TARGET = 12.3;
				MARKETING_VERSION = 1.0;
				PRODUCT_BUNDLE_IDENTIFIER = com.tttomasz.PlaylistConverterAppTests;
				PRODUCT_NAME = "$(TARGET_NAME)";
				SDKROOT = auto;
				SUPPORTED_PLATFORMS = "iphoneos iphonesimulator macosx";
				SWIFT_EMIT_LOC_STRINGS = NO;
				SWIFT_VERSION = 5.0;
				TARGETED_DEVICE_FAMILY = "1,2";
				TEST_HOST = "$(BUILT_PRODUCTS_DIR)/PlaylistConverterApp.app/$(BUNDLE_EXECUTABLE_FOLDER_PATH)/PlaylistConverterApp";
			};
			name = Release;
		};
		8BD9C51328F18698009D6CC7 /* Debug */ = {
			isa = XCBuildConfiguration;
			buildSettings = {
				ALWAYS_EMBED_SWIFT_STANDARD_LIBRARIES = YES;
				CODE_SIGN_STYLE = Automatic;
				CURRENT_PROJECT_VERSION = 1;
				GENERATE_INFOPLIST_FILE = YES;
				IPHONEOS_DEPLOYMENT_TARGET = 16.0;
				MACOSX_DEPLOYMENT_TARGET = 12.3;
				MARKETING_VERSION = 1.0;
				PRODUCT_BUNDLE_IDENTIFIER = com.tttomasz.PlaylistConverterAppUITests;
				PRODUCT_NAME = "$(TARGET_NAME)";
				SDKROOT = auto;
				SUPPORTED_PLATFORMS = "iphoneos iphonesimulator macosx";
				SWIFT_EMIT_LOC_STRINGS = NO;
				SWIFT_VERSION = 5.0;
				TARGETED_DEVICE_FAMILY = "1,2";
				TEST_TARGET_NAME = PlaylistConverterApp;
			};
			name = Debug;
		};
		8BD9C51428F18698009D6CC7 /* Release */ = {
			isa = XCBuildConfiguration;
			buildSettings = {
				ALWAYS_EMBED_SWIFT_STANDARD_LIBRARIES = YES;
				CODE_SIGN_STYLE = Automatic;
				CURRENT_PROJECT_VERSION = 1;
				GENERATE_INFOPLIST_FILE = YES;
				IPHONEOS_DEPLOYMENT_TARGET = 16.0;
				MACOSX_DEPLOYMENT_TARGET = 12.3;
				MARKETING_VERSION = 1.0;
				PRODUCT_BUNDLE_IDENTIFIER = com.tttomasz.PlaylistConverterAppUITests;
				PRODUCT_NAME = "$(TARGET_NAME)";
				SDKROOT = auto;
				SUPPORTED_PLATFORMS = "iphoneos iphonesimulator macosx";
				SWIFT_EMIT_LOC_STRINGS = NO;
				SWIFT_VERSION = 5.0;
				TARGETED_DEVICE_FAMILY = "1,2";
				TEST_TARGET_NAME = PlaylistConverterApp;
			};
			name = Release;
		};
/* End XCBuildConfiguration section */

/* Begin XCConfigurationList section */
		8BD9C4E228F18697009D6CC7 /* Build configuration list for PBXProject "PlaylistConverterApp" */ = {
			isa = XCConfigurationList;
			buildConfigurations = (
				8BD9C50A28F18698009D6CC7 /* Debug */,
				8BD9C50B28F18698009D6CC7 /* Release */,
			);
			defaultConfigurationIsVisible = 0;
			defaultConfigurationName = Release;
		};
		8BD9C50C28F18698009D6CC7 /* Build configuration list for PBXNativeTarget "PlaylistConverterApp" */ = {
			isa = XCConfigurationList;
			buildConfigurations = (
				8BD9C50D28F18698009D6CC7 /* Debug */,
				8BD9C50E28F18698009D6CC7 /* Release */,
			);
			defaultConfigurationIsVisible = 0;
			defaultConfigurationName = Release;
		};
		8BD9C50F28F18698009D6CC7 /* Build configuration list for PBXNativeTarget "PlaylistConverterAppTests" */ = {
			isa = XCConfigurationList;
			buildConfigurations = (
				8BD9C51028F18698009D6CC7 /* Debug */,
				8BD9C51128F18698009D6CC7 /* Release */,
			);
			defaultConfigurationIsVisible = 0;
			defaultConfigurationName = Release;
		};
		8BD9C51228F18698009D6CC7 /* Build configuration list for PBXNativeTarget "PlaylistConverterAppUITests" */ = {
			isa = XCConfigurationList;
			buildConfigurations = (
				8BD9C51328F18698009D6CC7 /* Debug */,
				8BD9C51428F18698009D6CC7 /* Release */,
			);
			defaultConfigurationIsVisible = 0;
			defaultConfigurationName = Release;
		};
/* End XCConfigurationList section */
	};
	rootObject = 8BD9C4DF28F18697009D6CC7 /* Project object */;
}
